// !$*UTF8*$!
{
	archiveVersion = 1;
	classes = {
	};
	objectVersion = 77;
	objects = {

/* Begin PBXBuildFile section */
		0020306BCE0325C7B4DAB2AD /* ProductCard.swift in Sources */ = {isa = PBXBuildFile; fileRef = 1CD60E78A98B93B9526DBD8D /* ProductCard.swift */; };
		01B49C97F2C1E5F31F560540 /* KitCompletenessTests.swift in Sources */ = {isa = PBXBuildFile; fileRef = 2634C3458A050088CB0E2CD8 /* KitCompletenessTests.swift */; };
		0794BFA4BA0E25461F3396F9 /* MissionOrchestratorTests.swift in Sources */ = {isa = PBXBuildFile; fileRef = EBBAC9D45516FD79E1E13658 /* MissionOrchestratorTests.swift */; };
		0977683C1BACB17215A04510 /* SiriHandoffView.swift in Sources */ = {isa = PBXBuildFile; fileRef = CFE8A88BB1C7340314D1DE3C /* SiriHandoffView.swift */; };
		156183127FB0A710E34C2D62 /* KitCompletenessCartUITests.swift in Sources */ = {isa = PBXBuildFile; fileRef = 541FCCD872D58732E6C05EF9 /* KitCompletenessCartUITests.swift */; };
		180EDA4F5CE0E7BDABE7DB25 /* TasteEditor.swift in Sources */ = {isa = PBXBuildFile; fileRef = 61C52B2400B3457774228546 /* TasteEditor.swift */; };
		186DAFE618981282D949E448 /* CuratorNote.swift in Sources */ = {isa = PBXBuildFile; fileRef = E2636664F2FF6491635448E6 /* CuratorNote.swift */; };
		1B488B510C8896EAB8A206F3 /* TasteProfileView.swift in Sources */ = {isa = PBXBuildFile; fileRef = A6C032FB2C786FD91F4A2C0D /* TasteProfileView.swift */; };
		20262747383980085049D2BE /* ApiTag.swift in Sources */ = {isa = PBXBuildFile; fileRef = 88E88478E6D27F43A1624825 /* ApiTag.swift */; };
		218B938E1047EA5DAF0706C0 /* CrumbKitTests.swift in Sources */ = {isa = PBXBuildFile; fileRef = 8E650966B1912922403F747B /* CrumbKitTests.swift */; };
		238F1E27A199F57F5DA84CE9 /* CrumbMetrics.swift in Sources */ = {isa = PBXBuildFile; fileRef = 25B0DC245999B2D241B52BD2 /* CrumbMetrics.swift */; };
		28E4C38CF4DDA70945A2DBAD /* HistoryTests.swift in Sources */ = {isa = PBXBuildFile; fileRef = 5F292C02F09F2C9287D9915B /* HistoryTests.swift */; };
		2C26E20A09349A027858C2AC /* RefinementBar.swift in Sources */ = {isa = PBXBuildFile; fileRef = FF5727CC8D39C14EA8882090 /* RefinementBar.swift */; };
		2F67D6673EA5A566A3638E49 /* CurateKitIntent.swift in Sources */ = {isa = PBXBuildFile; fileRef = E138427809827F842B00492D /* CurateKitIntent.swift */; };
		3F58D9CEB003994A68988948 /* CartView.swift in Sources */ = {isa = PBXBuildFile; fileRef = D0F3D5A8552124AB50E0BF6D /* CartView.swift */; };
		41A92EDCE9E0048D514EF3C0 /* RelevanceGateTests.swift in Sources */ = {isa = PBXBuildFile; fileRef = 16038877BB32342393CD3E3D /* RelevanceGateTests.swift */; };
		44D61C98F90CE573EB2CE4D3 /* TasteCaptureTests.swift in Sources */ = {isa = PBXBuildFile; fileRef = 0DB94BBFAEB5A18FF05695F3 /* TasteCaptureTests.swift */; };
		47A2384ED2AF5BD57BDD5D81 /* PriceBandTests.swift in Sources */ = {isa = PBXBuildFile; fileRef = DDE470E7CC6F0666823F5C4A /* PriceBandTests.swift */; };
		568C22D90CAB7AD4AE41DC58 /* RefineChipSuggesterTests.swift in Sources */ = {isa = PBXBuildFile; fileRef = 94BA20399FCECC212ABEA4BE /* RefineChipSuggesterTests.swift */; };
		594E533E13702E648E1AB8BD /* MissionPlannerTests.swift in Sources */ = {isa = PBXBuildFile; fileRef = 3AAA36FC0C29BF1240DF09A0 /* MissionPlannerTests.swift */; };
		5A8CAE78CE348B88B7BFEDEA /* Assets.xcassets in Resources */ = {isa = PBXBuildFile; fileRef = 56FE2CF46CB3AC6F0554827A /* Assets.xcassets */; };
		5D91677F5D2CA3B68ADC593F /* SeamInstructionsTests.swift in Sources */ = {isa = PBXBuildFile; fileRef = 3A4B9A7BEF514008BC05E2C0 /* SeamInstructionsTests.swift */; };
		5DB82CFF4294738A4639E473 /* PeopleView.swift in Sources */ = {isa = PBXBuildFile; fileRef = 9CC065A9AB4BE69B19D606D3 /* PeopleView.swift */; };
		6842170135B15F74FF78438D /* JasmineTeaJourneyTests.swift in Sources */ = {isa = PBXBuildFile; fileRef = 794427C2191C234D54235EFB /* JasmineTeaJourneyTests.swift */; };
		6DD305E51B3BC5CE13DD3296 /* CrumbTests.swift in Sources */ = {isa = PBXBuildFile; fileRef = B45506CA6A95FBAB2B31241C /* CrumbTests.swift */; };
		7049EC9812393FBFBF30B7AA /* CrumbTraceTests.swift in Sources */ = {isa = PBXBuildFile; fileRef = 60F4C60C12547C7814111808 /* CrumbTraceTests.swift */; };
		71D1D43E4F3A01C8E758E78B /* RootView.swift in Sources */ = {isa = PBXBuildFile; fileRef = 3AC0237066E37113D0DEDED9 /* RootView.swift */; };
		740E2507DD3C1F2A03C27203 /* BottomSheet.swift in Sources */ = {isa = PBXBuildFile; fileRef = BB3BD6BA969C6AD04D7BBCDC /* BottomSheet.swift */; };
		77CB08A82302A2B725A76544 /* PlanView.swift in Sources */ = {isa = PBXBuildFile; fileRef = 02E208AB6AE4BD44B00EE2E0 /* PlanView.swift */; };
		7B6E98A8B2E11623C92C3F5E /* ProductEntity.swift in Sources */ = {isa = PBXBuildFile; fileRef = C86EEEC4388A1AB7D4B39BF0 /* ProductEntity.swift */; };
		7B8EAABB8C882D8059EC8B24 /* GatherSafetyNetTests.swift in Sources */ = {isa = PBXBuildFile; fileRef = 7BA0DF59610438E27E081AF6 /* GatherSafetyNetTests.swift */; };
		7E0F32D23984C28C3CC632CE /* CurateView.swift in Sources */ = {isa = PBXBuildFile; fileRef = 57C7249333139EE164B9BDE8 /* CurateView.swift */; };
		8574FF0300BC2641FCF0CDFF /* RecipientTests.swift in Sources */ = {isa = PBXBuildFile; fileRef = 4D5891C9EC66DD23B0FDA8A0 /* RecipientTests.swift */; };
		86AAF236CC8DB3B5FDDDF192 /* CrumbKit in Frameworks */ = {isa = PBXBuildFile; productRef = D936D5DF956C9B5DC6AF69F5 /* CrumbKit */; };
		8869A618D5D883D1EFF5B655 /* ProductThumbnail.swift in Sources */ = {isa = PBXBuildFile; fileRef = 8A75F1526C77451E9EF3B7F5 /* ProductThumbnail.swift */; };
		89EAE1A11546F89C1ABB1B30 /* Secrets.plist in Resources */ = {isa = PBXBuildFile; fileRef = 51452F38ECE9387FD5B7DBD7 /* Secrets.plist */; };
		8A22D99E08AD2E8D980D1D34 /* CrumbUITests.swift in Sources */ = {isa = PBXBuildFile; fileRef = F614DD6F8A672D44B5BAF770 /* CrumbUITests.swift */; };
		8D1E6F3FE239B2DEE2CA7044 /* CrumbInstructionBlocksTests.swift in Sources */ = {isa = PBXBuildFile; fileRef = 0AD913494857ACA50D92D695 /* CrumbInstructionBlocksTests.swift */; };
		8EEFBE05299628E506F4BD31 /* DeckControlIntents.swift in Sources */ = {isa = PBXBuildFile; fileRef = AA2F082E669513A2BC8B40E2 /* DeckControlIntents.swift */; };
		95068A1AB77BB4410ACECD29 /* CrumbArt in Frameworks */ = {isa = PBXBuildFile; productRef = 3EF3B1AC6F8837B41B7C259A /* CrumbArt */; };
		A31B66102BAD5A5FDEBC7600 /* CrumbShortcuts.swift in Sources */ = {isa = PBXBuildFile; fileRef = 70EC9E0E97E33310BA1EF53F /* CrumbShortcuts.swift */; };
		A69A189D8625E7FC1409D75F /* PersistenceTests.swift in Sources */ = {isa = PBXBuildFile; fileRef = 314140480DB5271ABD5D404C /* PersistenceTests.swift */; };
		A764242E31D2B0D8313CC7EA /* CrumbContextTests.swift in Sources */ = {isa = PBXBuildFile; fileRef = 601587D7FBEE571D713E6680 /* CrumbContextTests.swift */; };
		A8D652EF801A782561E69C19 /* CrumbApp.swift in Sources */ = {isa = PBXBuildFile; fileRef = 11B2BEB51F0585270E292671 /* CrumbApp.swift */; };
		ADDA43C3C97D0933F32F31B7 /* Secrets.example.plist in Resources */ = {isa = PBXBuildFile; fileRef = E5EFDFEC4C56A1BDC5A24787 /* Secrets.example.plist */; };
		B40D7919A125D611ACE585F3 /* CheckoutHandoffView.swift in Sources */ = {isa = PBXBuildFile; fileRef = 5634C3D5A9161C070E889854 /* CheckoutHandoffView.swift */; };
		B6DBA63785EFF1ECBE32D28F /* RefinementInterpreterTests.swift in Sources */ = {isa = PBXBuildFile; fileRef = 94CD80BCDEE53873337BD04A /* RefinementInterpreterTests.swift */; };
		B9D795A2F906443965EB59E2 /* CrumbColor.swift in Sources */ = {isa = PBXBuildFile; fileRef = B39838CC41131244B136FB45 /* CrumbColor.swift */; };
		BE0B2799512B6F3CC7CF867C /* SheetSupport.swift in Sources */ = {isa = PBXBuildFile; fileRef = 67043AB0F0B4615612F05F08 /* SheetSupport.swift */; };
		BFF32D8DC61A0B3A18C5BB7F /* AppModel.swift in Sources */ = {isa = PBXBuildFile; fileRef = 5F5499C641BDC9AEA7B42120 /* AppModel.swift */; };
		C262F8AE2477C79182F33414 /* HistoryView.swift in Sources */ = {isa = PBXBuildFile; fileRef = 65C7467C1CBA22D53CFE0F8F /* HistoryView.swift */; };
		C72A95D78DE9E6663BC0E62E /* OnboardingView.swift in Sources */ = {isa = PBXBuildFile; fileRef = 852440CA683F418082909F40 /* OnboardingView.swift */; };
		C73ACC304819971F35FA166E /* CrumbType.swift in Sources */ = {isa = PBXBuildFile; fileRef = 31A60DFD88D0193AE3DBC125 /* CrumbType.swift */; };
		CA296C5901D22F2EDA0A98F4 /* CrumbKit in Frameworks */ = {isa = PBXBuildFile; productRef = 5B27FEEA6954F68CEA3048D1 /* CrumbKit */; };
		CAC6DAEB3BC490937FFA1751 /* TitleHygieneTests.swift in Sources */ = {isa = PBXBuildFile; fileRef = C3D99D4F9F0DC47E8279877F /* TitleHygieneTests.swift */; };
		CF1F4947BCB58FF53179E71A /* LiveUCPClientTests.swift in Sources */ = {isa = PBXBuildFile; fileRef = E4553F448163F30B2353AFBA /* LiveUCPClientTests.swift */; };
		D829F76AF3FBF6D4FF1248BB /* LacrosseGearJourneyTests.swift in Sources */ = {isa = PBXBuildFile; fileRef = D8DB076BFA27F346C20E3744 /* LacrosseGearJourneyTests.swift */; };
		D94CF92CC4FA821A481A9062 /* CrumbKit in Frameworks */ = {isa = PBXBuildFile; productRef = ECEC8D61420FB33F67060AD5 /* CrumbKit */; };
		D9829C2E08E5EF574A388F24 /* HistoryDetailView.swift in Sources */ = {isa = PBXBuildFile; fileRef = F7B4DECD197D4080D8485B61 /* HistoryDetailView.swift */; };
		E1B764FDE7B67246468DA913 /* CuratorFloorMissionTests.swift in Sources */ = {isa = PBXBuildFile; fileRef = 9396FCE2238CD5AEE0A09B67 /* CuratorFloorMissionTests.swift */; };
		E2B1CD46E0D826E7F7BA05A1 /* PersonEditorView.swift in Sources */ = {isa = PBXBuildFile; fileRef = 403FAE94A34382917E7A91DA /* PersonEditorView.swift */; };
		E3EB9A08B7A59D2F2218E325 /* GoldenMissionTests.swift in Sources */ = {isa = PBXBuildFile; fileRef = 7A6F10C970521EAE8C0EE85D /* GoldenMissionTests.swift */; };
		E5B50E8435E6962D09AF2504 /* KitTray.swift in Sources */ = {isa = PBXBuildFile; fileRef = 9166722AFAFB67FB518791DC /* KitTray.swift */; };
		F71606268D5FF947B27F021F /* DeckActionSnippet.swift in Sources */ = {isa = PBXBuildFile; fileRef = 73FC6C88818C81309BD3E579 /* DeckActionSnippet.swift */; };
		F725BCC7D129907D03B064A9 /* RecipientPicker.swift in Sources */ = {isa = PBXBuildFile; fileRef = 11C9995BE9444031794FB7BF /* RecipientPicker.swift */; };
		F75F3A9439503E440572EF6A /* MissionsView.swift in Sources */ = {isa = PBXBuildFile; fileRef = 769625F3ADB578C3FFED06E4 /* MissionsView.swift */; };
		FE034318016D9DD3A5894A18 /* ProductArtKindTests.swift in Sources */ = {isa = PBXBuildFile; fileRef = A4A3E095EBA64D3F5D55D0FF /* ProductArtKindTests.swift */; };
/* End PBXBuildFile section */

/* Begin PBXContainerItemProxy section */
		97693D72393E0AC30AE78E5D /* PBXContainerItemProxy */ = {
			isa = PBXContainerItemProxy;
			containerPortal = 86982F6DA5E9E0005F642030 /* Project object */;
			proxyType = 1;
			remoteGlobalIDString = 022CE997B0BA053B8F208A8F;
			remoteInfo = Crumb;
		};
		CB675B78D3C36F22A1DD8780 /* PBXContainerItemProxy */ = {
			isa = PBXContainerItemProxy;
			containerPortal = 86982F6DA5E9E0005F642030 /* Project object */;
			proxyType = 1;
			remoteGlobalIDString = 022CE997B0BA053B8F208A8F;
			remoteInfo = Crumb;
		};
/* End PBXContainerItemProxy section */

/* Begin PBXFileReference section */
		02E208AB6AE4BD44B00EE2E0 /* PlanView.swift */ = {isa = PBXFileReference; lastKnownFileType = sourcecode.swift; path = PlanView.swift; sourceTree = "<group>"; };
		0AD913494857ACA50D92D695 /* CrumbInstructionBlocksTests.swift */ = {isa = PBXFileReference; lastKnownFileType = sourcecode.swift; path = CrumbInstructionBlocksTests.swift; sourceTree = "<group>"; };
		0DB94BBFAEB5A18FF05695F3 /* TasteCaptureTests.swift */ = {isa = PBXFileReference; lastKnownFileType = sourcecode.swift; path = TasteCaptureTests.swift; sourceTree = "<group>"; };
		11B2BEB51F0585270E292671 /* CrumbApp.swift */ = {isa = PBXFileReference; lastKnownFileType = sourcecode.swift; path = CrumbApp.swift; sourceTree = "<group>"; };
		11C9995BE9444031794FB7BF /* RecipientPicker.swift */ = {isa = PBXFileReference; lastKnownFileType = sourcecode.swift; path = RecipientPicker.swift; sourceTree = "<group>"; };
		16038877BB32342393CD3E3D /* RelevanceGateTests.swift */ = {isa = PBXFileReference; lastKnownFileType = sourcecode.swift; path = RelevanceGateTests.swift; sourceTree = "<group>"; };
		1CD60E78A98B93B9526DBD8D /* ProductCard.swift */ = {isa = PBXFileReference; lastKnownFileType = sourcecode.swift; path = ProductCard.swift; sourceTree = "<group>"; };
		25B0DC245999B2D241B52BD2 /* CrumbMetrics.swift */ = {isa = PBXFileReference; lastKnownFileType = sourcecode.swift; path = CrumbMetrics.swift; sourceTree = "<group>"; };
		2634C3458A050088CB0E2CD8 /* KitCompletenessTests.swift */ = {isa = PBXFileReference; lastKnownFileType = sourcecode.swift; path = KitCompletenessTests.swift; sourceTree = "<group>"; };
		314140480DB5271ABD5D404C /* PersistenceTests.swift */ = {isa = PBXFileReference; lastKnownFileType = sourcecode.swift; path = PersistenceTests.swift; sourceTree = "<group>"; };
		31A60DFD88D0193AE3DBC125 /* CrumbType.swift */ = {isa = PBXFileReference; lastKnownFileType = sourcecode.swift; path = CrumbType.swift; sourceTree = "<group>"; };
		3496F279C10971ACB6F03BF7 /* CrumbKitSimTests.xctest */ = {isa = PBXFileReference; includeInIndex = 0; lastKnownFileType = wrapper.cfbundle; path = CrumbKitSimTests.xctest; sourceTree = BUILT_PRODUCTS_DIR; };
		3A4B9A7BEF514008BC05E2C0 /* SeamInstructionsTests.swift */ = {isa = PBXFileReference; lastKnownFileType = sourcecode.swift; path = SeamInstructionsTests.swift; sourceTree = "<group>"; };
		3AAA36FC0C29BF1240DF09A0 /* MissionPlannerTests.swift */ = {isa = PBXFileReference; lastKnownFileType = sourcecode.swift; path = MissionPlannerTests.swift; sourceTree = "<group>"; };
		3AC0237066E37113D0DEDED9 /* RootView.swift */ = {isa = PBXFileReference; lastKnownFileType = sourcecode.swift; path = RootView.swift; sourceTree = "<group>"; };
		403FAE94A34382917E7A91DA /* PersonEditorView.swift */ = {isa = PBXFileReference; lastKnownFileType = sourcecode.swift; path = PersonEditorView.swift; sourceTree = "<group>"; };
		4D5891C9EC66DD23B0FDA8A0 /* RecipientTests.swift */ = {isa = PBXFileReference; lastKnownFileType = sourcecode.swift; path = RecipientTests.swift; sourceTree = "<group>"; };
		51452F38ECE9387FD5B7DBD7 /* Secrets.plist */ = {isa = PBXFileReference; lastKnownFileType = text.plist; path = Secrets.plist; sourceTree = "<group>"; };
		541FCCD872D58732E6C05EF9 /* KitCompletenessCartUITests.swift */ = {isa = PBXFileReference; lastKnownFileType = sourcecode.swift; path = KitCompletenessCartUITests.swift; sourceTree = "<group>"; };
		5634C3D5A9161C070E889854 /* CheckoutHandoffView.swift */ = {isa = PBXFileReference; lastKnownFileType = sourcecode.swift; path = CheckoutHandoffView.swift; sourceTree = "<group>"; };
		56FE2CF46CB3AC6F0554827A /* Assets.xcassets */ = {isa = PBXFileReference; lastKnownFileType = folder.assetcatalog; path = Assets.xcassets; sourceTree = "<group>"; };
		57C7249333139EE164B9BDE8 /* CurateView.swift */ = {isa = PBXFileReference; lastKnownFileType = sourcecode.swift; path = CurateView.swift; sourceTree = "<group>"; };
		5F292C02F09F2C9287D9915B /* HistoryTests.swift */ = {isa = PBXFileReference; lastKnownFileType = sourcecode.swift; path = HistoryTests.swift; sourceTree = "<group>"; };
		5F5499C641BDC9AEA7B42120 /* AppModel.swift */ = {isa = PBXFileReference; lastKnownFileType = sourcecode.swift; path = AppModel.swift; sourceTree = "<group>"; };
		601587D7FBEE571D713E6680 /* CrumbContextTests.swift */ = {isa = PBXFileReference; lastKnownFileType = sourcecode.swift; path = CrumbContextTests.swift; sourceTree = "<group>"; };
		60F4C60C12547C7814111808 /* CrumbTraceTests.swift */ = {isa = PBXFileReference; lastKnownFileType = sourcecode.swift; path = CrumbTraceTests.swift; sourceTree = "<group>"; };
		61C52B2400B3457774228546 /* TasteEditor.swift */ = {isa = PBXFileReference; lastKnownFileType = sourcecode.swift; path = TasteEditor.swift; sourceTree = "<group>"; };
		65C7467C1CBA22D53CFE0F8F /* HistoryView.swift */ = {isa = PBXFileReference; lastKnownFileType = sourcecode.swift; path = HistoryView.swift; sourceTree = "<group>"; };
		67043AB0F0B4615612F05F08 /* SheetSupport.swift */ = {isa = PBXFileReference; lastKnownFileType = sourcecode.swift; path = SheetSupport.swift; sourceTree = "<group>"; };
		70EC9E0E97E33310BA1EF53F /* CrumbShortcuts.swift */ = {isa = PBXFileReference; lastKnownFileType = sourcecode.swift; path = CrumbShortcuts.swift; sourceTree = "<group>"; };
		73FC6C88818C81309BD3E579 /* DeckActionSnippet.swift */ = {isa = PBXFileReference; lastKnownFileType = sourcecode.swift; path = DeckActionSnippet.swift; sourceTree = "<group>"; };
		769625F3ADB578C3FFED06E4 /* MissionsView.swift */ = {isa = PBXFileReference; lastKnownFileType = sourcecode.swift; path = MissionsView.swift; sourceTree = "<group>"; };
		794427C2191C234D54235EFB /* JasmineTeaJourneyTests.swift */ = {isa = PBXFileReference; lastKnownFileType = sourcecode.swift; path = JasmineTeaJourneyTests.swift; sourceTree = "<group>"; };
		7A6F10C970521EAE8C0EE85D /* GoldenMissionTests.swift */ = {isa = PBXFileReference; lastKnownFileType = sourcecode.swift; path = GoldenMissionTests.swift; sourceTree = "<group>"; };
		7BA0DF59610438E27E081AF6 /* GatherSafetyNetTests.swift */ = {isa = PBXFileReference; lastKnownFileType = sourcecode.swift; path = GatherSafetyNetTests.swift; sourceTree = "<group>"; };
		7CA275868FCE4041982E84B9 /* CrumbArt */ = {isa = PBXFileReference; lastKnownFileType = folder; name = CrumbArt; path = CrumbArt; sourceTree = SOURCE_ROOT; };
		852440CA683F418082909F40 /* OnboardingView.swift */ = {isa = PBXFileReference; lastKnownFileType = sourcecode.swift; path = OnboardingView.swift; sourceTree = "<group>"; };
		88E88478E6D27F43A1624825 /* ApiTag.swift */ = {isa = PBXFileReference; lastKnownFileType = sourcecode.swift; path = ApiTag.swift; sourceTree = "<group>"; };
		8A75F1526C77451E9EF3B7F5 /* ProductThumbnail.swift */ = {isa = PBXFileReference; lastKnownFileType = sourcecode.swift; path = ProductThumbnail.swift; sourceTree = "<group>"; };
		8E650966B1912922403F747B /* CrumbKitTests.swift */ = {isa = PBXFileReference; lastKnownFileType = sourcecode.swift; path = CrumbKitTests.swift; sourceTree = "<group>"; };
		9166722AFAFB67FB518791DC /* KitTray.swift */ = {isa = PBXFileReference; lastKnownFileType = sourcecode.swift; path = KitTray.swift; sourceTree = "<group>"; };
		9396FCE2238CD5AEE0A09B67 /* CuratorFloorMissionTests.swift */ = {isa = PBXFileReference; lastKnownFileType = sourcecode.swift; path = CuratorFloorMissionTests.swift; sourceTree = "<group>"; };
		94BA20399FCECC212ABEA4BE /* RefineChipSuggesterTests.swift */ = {isa = PBXFileReference; lastKnownFileType = sourcecode.swift; path = RefineChipSuggesterTests.swift; sourceTree = "<group>"; };
		94CD80BCDEE53873337BD04A /* RefinementInterpreterTests.swift */ = {isa = PBXFileReference; lastKnownFileType = sourcecode.swift; path = RefinementInterpreterTests.swift; sourceTree = "<group>"; };
		9CC065A9AB4BE69B19D606D3 /* PeopleView.swift */ = {isa = PBXFileReference; lastKnownFileType = sourcecode.swift; path = PeopleView.swift; sourceTree = "<group>"; };
		A4A3E095EBA64D3F5D55D0FF /* ProductArtKindTests.swift */ = {isa = PBXFileReference; lastKnownFileType = sourcecode.swift; path = ProductArtKindTests.swift; sourceTree = "<group>"; };
		A6C032FB2C786FD91F4A2C0D /* TasteProfileView.swift */ = {isa = PBXFileReference; lastKnownFileType = sourcecode.swift; path = TasteProfileView.swift; sourceTree = "<group>"; };
		AA2F082E669513A2BC8B40E2 /* DeckControlIntents.swift */ = {isa = PBXFileReference; lastKnownFileType = sourcecode.swift; path = DeckControlIntents.swift; sourceTree = "<group>"; };
		AD871FFFFBA9508EBC8C6AA0 /* CrumbKit */ = {isa = PBXFileReference; lastKnownFileType = folder; name = CrumbKit; path = CrumbKit; sourceTree = SOURCE_ROOT; };
		B39838CC41131244B136FB45 /* CrumbColor.swift */ = {isa = PBXFileReference; lastKnownFileType = sourcecode.swift; path = CrumbColor.swift; sourceTree = "<group>"; };
		B45506CA6A95FBAB2B31241C /* CrumbTests.swift */ = {isa = PBXFileReference; lastKnownFileType = sourcecode.swift; path = CrumbTests.swift; sourceTree = "<group>"; };
		BB3BD6BA969C6AD04D7BBCDC /* BottomSheet.swift */ = {isa = PBXFileReference; lastKnownFileType = sourcecode.swift; path = BottomSheet.swift; sourceTree = "<group>"; };
		C3D99D4F9F0DC47E8279877F /* TitleHygieneTests.swift */ = {isa = PBXFileReference; lastKnownFileType = sourcecode.swift; path = TitleHygieneTests.swift; sourceTree = "<group>"; };
		C86EEEC4388A1AB7D4B39BF0 /* ProductEntity.swift */ = {isa = PBXFileReference; lastKnownFileType = sourcecode.swift; path = ProductEntity.swift; sourceTree = "<group>"; };
		CC7ECC2C0E9B4003FBB011A0 /* CrumbTests.xctest */ = {isa = PBXFileReference; includeInIndex = 0; lastKnownFileType = wrapper.cfbundle; path = CrumbTests.xctest; sourceTree = BUILT_PRODUCTS_DIR; };
		CFE8A88BB1C7340314D1DE3C /* SiriHandoffView.swift */ = {isa = PBXFileReference; lastKnownFileType = sourcecode.swift; path = SiriHandoffView.swift; sourceTree = "<group>"; };
		D0F3D5A8552124AB50E0BF6D /* CartView.swift */ = {isa = PBXFileReference; lastKnownFileType = sourcecode.swift; path = CartView.swift; sourceTree = "<group>"; };
		D8DB076BFA27F346C20E3744 /* LacrosseGearJourneyTests.swift */ = {isa = PBXFileReference; lastKnownFileType = sourcecode.swift; path = LacrosseGearJourneyTests.swift; sourceTree = "<group>"; };
		DDE470E7CC6F0666823F5C4A /* PriceBandTests.swift */ = {isa = PBXFileReference; lastKnownFileType = sourcecode.swift; path = PriceBandTests.swift; sourceTree = "<group>"; };
		E138427809827F842B00492D /* CurateKitIntent.swift */ = {isa = PBXFileReference; lastKnownFileType = sourcecode.swift; path = CurateKitIntent.swift; sourceTree = "<group>"; };
		E2636664F2FF6491635448E6 /* CuratorNote.swift */ = {isa = PBXFileReference; lastKnownFileType = sourcecode.swift; path = CuratorNote.swift; sourceTree = "<group>"; };
		E4553F448163F30B2353AFBA /* LiveUCPClientTests.swift */ = {isa = PBXFileReference; lastKnownFileType = sourcecode.swift; path = LiveUCPClientTests.swift; sourceTree = "<group>"; };
		E5EFDFEC4C56A1BDC5A24787 /* Secrets.example.plist */ = {isa = PBXFileReference; lastKnownFileType = text.plist; path = Secrets.example.plist; sourceTree = "<group>"; };
		EBBAC9D45516FD79E1E13658 /* MissionOrchestratorTests.swift */ = {isa = PBXFileReference; lastKnownFileType = sourcecode.swift; path = MissionOrchestratorTests.swift; sourceTree = "<group>"; };
		F5A3B9520F2253A5F03A94A0 /* CrumbUITests.xctest */ = {isa = PBXFileReference; includeInIndex = 0; lastKnownFileType = wrapper.cfbundle; path = CrumbUITests.xctest; sourceTree = BUILT_PRODUCTS_DIR; };
		F614DD6F8A672D44B5BAF770 /* CrumbUITests.swift */ = {isa = PBXFileReference; lastKnownFileType = sourcecode.swift; path = CrumbUITests.swift; sourceTree = "<group>"; };
		F65639EFF2FF1E75D8FAB265 /* Crumb.app */ = {isa = PBXFileReference; includeInIndex = 0; lastKnownFileType = wrapper.application; path = Crumb.app; sourceTree = BUILT_PRODUCTS_DIR; };
		F7B4DECD197D4080D8485B61 /* HistoryDetailView.swift */ = {isa = PBXFileReference; lastKnownFileType = sourcecode.swift; path = HistoryDetailView.swift; sourceTree = "<group>"; };
		FF5727CC8D39C14EA8882090 /* RefinementBar.swift */ = {isa = PBXFileReference; lastKnownFileType = sourcecode.swift; path = RefinementBar.swift; sourceTree = "<group>"; };
/* End PBXFileReference section */

/* Begin PBXFrameworksBuildPhase section */
		1BD0676C4F977B85F3BBEB7E /* Frameworks */ = {
			isa = PBXFrameworksBuildPhase;
			buildActionMask = 2147483647;
			files = (
				D94CF92CC4FA821A481A9062 /* CrumbKit in Frameworks */,
				95068A1AB77BB4410ACECD29 /* CrumbArt in Frameworks */,
			);
			runOnlyForDeploymentPostprocessing = 0;
		};
		3ED7D662EA8A9E3C0F12E75A /* Frameworks */ = {
			isa = PBXFrameworksBuildPhase;
			buildActionMask = 2147483647;
			files = (
				86AAF236CC8DB3B5FDDDF192 /* CrumbKit in Frameworks */,
			);
			runOnlyForDeploymentPostprocessing = 0;
		};
		FA329CC45512C60756DF524F /* Frameworks */ = {
			isa = PBXFrameworksBuildPhase;
			buildActionMask = 2147483647;
			files = (
				CA296C5901D22F2EDA0A98F4 /* CrumbKit in Frameworks */,
			);
			runOnlyForDeploymentPostprocessing = 0;
		};
/* End PBXFrameworksBuildPhase section */

/* Begin PBXGroup section */
		14E69BC78CAD3786F298B7B5 /* CrumbKit */ = {
			isa = PBXGroup;
			children = (
				C1B690D5ABBD627774A7361D /* Tests */,
			);
			path = CrumbKit;
			sourceTree = "<group>";
		};
		23E32AB7E91E30F638DC0AD0 /* CrumbKitTests */ = {
			isa = PBXGroup;
			children = (
				601587D7FBEE571D713E6680 /* CrumbContextTests.swift */,
				0AD913494857ACA50D92D695 /* CrumbInstructionBlocksTests.swift */,
				8E650966B1912922403F747B /* CrumbKitTests.swift */,
				60F4C60C12547C7814111808 /* CrumbTraceTests.swift */,
				9396FCE2238CD5AEE0A09B67 /* CuratorFloorMissionTests.swift */,
				7BA0DF59610438E27E081AF6 /* GatherSafetyNetTests.swift */,
				7A6F10C970521EAE8C0EE85D /* GoldenMissionTests.swift */,
				5F292C02F09F2C9287D9915B /* HistoryTests.swift */,
				2634C3458A050088CB0E2CD8 /* KitCompletenessTests.swift */,
				E4553F448163F30B2353AFBA /* LiveUCPClientTests.swift */,
				EBBAC9D45516FD79E1E13658 /* MissionOrchestratorTests.swift */,
				3AAA36FC0C29BF1240DF09A0 /* MissionPlannerTests.swift */,
				314140480DB5271ABD5D404C /* PersistenceTests.swift */,
				DDE470E7CC6F0666823F5C4A /* PriceBandTests.swift */,
				A4A3E095EBA64D3F5D55D0FF /* ProductArtKindTests.swift */,
				4D5891C9EC66DD23B0FDA8A0 /* RecipientTests.swift */,
				94BA20399FCECC212ABEA4BE /* RefineChipSuggesterTests.swift */,
				94CD80BCDEE53873337BD04A /* RefinementInterpreterTests.swift */,
				16038877BB32342393CD3E3D /* RelevanceGateTests.swift */,
				3A4B9A7BEF514008BC05E2C0 /* SeamInstructionsTests.swift */,
				0DB94BBFAEB5A18FF05695F3 /* TasteCaptureTests.swift */,
				C3D99D4F9F0DC47E8279877F /* TitleHygieneTests.swift */,
			);
			path = CrumbKitTests;
			sourceTree = "<group>";
		};
		24D764DBB646598C34AE6B88 /* TasteProfile */ = {
			isa = PBXGroup;
			children = (
				61C52B2400B3457774228546 /* TasteEditor.swift */,
				A6C032FB2C786FD91F4A2C0D /* TasteProfileView.swift */,
			);
			path = TasteProfile;
			sourceTree = "<group>";
		};
		273113C56D404EEB6C839FFA /* Onboarding */ = {
			isa = PBXGroup;
			children = (
				852440CA683F418082909F40 /* OnboardingView.swift */,
			);
			path = Onboarding;
			sourceTree = "<group>";
		};
		47FD6E5C080043C7DE1B937A /* Siri */ = {
			isa = PBXGroup;
			children = (
				CFE8A88BB1C7340314D1DE3C /* SiriHandoffView.swift */,
			);
			path = Siri;
			sourceTree = "<group>";
		};
		52446DDA969F46F06E92C917 /* Curate */ = {
			isa = PBXGroup;
			children = (
				57C7249333139EE164B9BDE8 /* CurateView.swift */,
				FF5727CC8D39C14EA8882090 /* RefinementBar.swift */,
			);
			path = Curate;
			sourceTree = "<group>";
		};
		554FA57374C3981DDDD923C7 /* Snippets */ = {
			isa = PBXGroup;
			children = (
				73FC6C88818C81309BD3E579 /* DeckActionSnippet.swift */,
			);
			path = Snippets;
			sourceTree = "<group>";
		};
		7FF0946C60DA95DC4C0D03E3 /* Resources */ = {
			isa = PBXGroup;
			children = (
				56FE2CF46CB3AC6F0554827A /* Assets.xcassets */,
				E5EFDFEC4C56A1BDC5A24787 /* Secrets.example.plist */,
				51452F38ECE9387FD5B7DBD7 /* Secrets.plist */,
			);
			path = Resources;
			sourceTree = "<group>";
		};
		86C37AA87BADCCFE6DADB74A /* Intents */ = {
			isa = PBXGroup;
			children = (
				A1CC9A990741F11994792FAE /* Entities */,
				554FA57374C3981DDDD923C7 /* Snippets */,
				70EC9E0E97E33310BA1EF53F /* CrumbShortcuts.swift */,
				E138427809827F842B00492D /* CurateKitIntent.swift */,
				AA2F082E669513A2BC8B40E2 /* DeckControlIntents.swift */,
			);
			path = Intents;
			sourceTree = "<group>";
		};
		9AAFA777E4D2D192B90F6DB9 /* Products */ = {
			isa = PBXGroup;
			children = (
				F65639EFF2FF1E75D8FAB265 /* Crumb.app */,
				3496F279C10971ACB6F03BF7 /* CrumbKitSimTests.xctest */,
				CC7ECC2C0E9B4003FBB011A0 /* CrumbTests.xctest */,
				F5A3B9520F2253A5F03A94A0 /* CrumbUITests.xctest */,
			);
			name = Products;
			sourceTree = "<group>";
		};
		A0FD76227E74E5B35D04052B /* Features */ = {
			isa = PBXGroup;
			children = (
				F82C5D8A0C651B005EC1C222 /* Cart */,
				52446DDA969F46F06E92C917 /* Curate */,
				E244AB61EA010BA8ED18CF92 /* History */,
				C23BFCA1E2D7A5E571734E32 /* Missions */,
				273113C56D404EEB6C839FFA /* Onboarding */,
				FCE6D5D3B48B2C288D14D11A /* People */,
				D865229523A2DAA2C763958B /* Plan */,
				47FD6E5C080043C7DE1B937A /* Siri */,
				24D764DBB646598C34AE6B88 /* TasteProfile */,
			);
			path = Features;
			sourceTree = "<group>";
		};
		A1CC9A990741F11994792FAE /* Entities */ = {
			isa = PBXGroup;
			children = (
				C86EEEC4388A1AB7D4B39BF0 /* ProductEntity.swift */,
			);
			path = Entities;
			sourceTree = "<group>";
		};
		A6B8BBB1000751E87E8545E7 /* Crumb */ = {
			isa = PBXGroup;
			children = (
				ED588C02B75FABCAE9C4B243 /* App */,
				F6129476911001D73B053524 /* DesignSystem */,
				A0FD76227E74E5B35D04052B /* Features */,
				86C37AA87BADCCFE6DADB74A /* Intents */,
				7FF0946C60DA95DC4C0D03E3 /* Resources */,
			);
			path = Crumb;
			sourceTree = "<group>";
		};
		C1B690D5ABBD627774A7361D /* Tests */ = {
			isa = PBXGroup;
			children = (
				23E32AB7E91E30F638DC0AD0 /* CrumbKitTests */,
			);
			path = Tests;
			sourceTree = "<group>";
		};
		C23BFCA1E2D7A5E571734E32 /* Missions */ = {
			isa = PBXGroup;
			children = (
				769625F3ADB578C3FFED06E4 /* MissionsView.swift */,
			);
			path = Missions;
			sourceTree = "<group>";
		};
		D25701FFEC8B33816A344106 /* CrumbTests */ = {
			isa = PBXGroup;
			children = (
				B45506CA6A95FBAB2B31241C /* CrumbTests.swift */,
			);
			path = CrumbTests;
			sourceTree = "<group>";
		};
		D865229523A2DAA2C763958B /* Plan */ = {
			isa = PBXGroup;
			children = (
				02E208AB6AE4BD44B00EE2E0 /* PlanView.swift */,
			);
			path = Plan;
			sourceTree = "<group>";
		};
		D94993CF8607D980DA2C599A = {
			isa = PBXGroup;
			children = (
				A6B8BBB1000751E87E8545E7 /* Crumb */,
				14E69BC78CAD3786F298B7B5 /* CrumbKit */,
				D25701FFEC8B33816A344106 /* CrumbTests */,
				E2DB2B3EE540953B1E097E5D /* CrumbUITests */,
				F5A4F61DD59C54D9BB97C2EC /* Packages */,
				9AAFA777E4D2D192B90F6DB9 /* Products */,
			);
			sourceTree = "<group>";
		};
		E244AB61EA010BA8ED18CF92 /* History */ = {
			isa = PBXGroup;
			children = (
				F7B4DECD197D4080D8485B61 /* HistoryDetailView.swift */,
				65C7467C1CBA22D53CFE0F8F /* HistoryView.swift */,
			);
			path = History;
			sourceTree = "<group>";
		};
		E2DB2B3EE540953B1E097E5D /* CrumbUITests */ = {
			isa = PBXGroup;
			children = (
				F614DD6F8A672D44B5BAF770 /* CrumbUITests.swift */,
				794427C2191C234D54235EFB /* JasmineTeaJourneyTests.swift */,
				541FCCD872D58732E6C05EF9 /* KitCompletenessCartUITests.swift */,
				D8DB076BFA27F346C20E3744 /* LacrosseGearJourneyTests.swift */,
			);
			path = CrumbUITests;
			sourceTree = "<group>";
		};
		E84D3195D2A381F6611FAC18 /* Components */ = {
			isa = PBXGroup;
			children = (
				88E88478E6D27F43A1624825 /* ApiTag.swift */,
				BB3BD6BA969C6AD04D7BBCDC /* BottomSheet.swift */,
				E2636664F2FF6491635448E6 /* CuratorNote.swift */,
				9166722AFAFB67FB518791DC /* KitTray.swift */,
				1CD60E78A98B93B9526DBD8D /* ProductCard.swift */,
				8A75F1526C77451E9EF3B7F5 /* ProductThumbnail.swift */,
			);
			path = Components;
			sourceTree = "<group>";
		};
		ED588C02B75FABCAE9C4B243 /* App */ = {
			isa = PBXGroup;
			children = (
				5F5499C641BDC9AEA7B42120 /* AppModel.swift */,
				11B2BEB51F0585270E292671 /* CrumbApp.swift */,
				3AC0237066E37113D0DEDED9 /* RootView.swift */,
			);
			path = App;
			sourceTree = "<group>";
		};
		F5A4F61DD59C54D9BB97C2EC /* Packages */ = {
			isa = PBXGroup;
			children = (
				7CA275868FCE4041982E84B9 /* CrumbArt */,
				AD871FFFFBA9508EBC8C6AA0 /* CrumbKit */,
			);
			name = Packages;
			sourceTree = "<group>";
		};
		F6129476911001D73B053524 /* DesignSystem */ = {
			isa = PBXGroup;
			children = (
				E84D3195D2A381F6611FAC18 /* Components */,
				B39838CC41131244B136FB45 /* CrumbColor.swift */,
				25B0DC245999B2D241B52BD2 /* CrumbMetrics.swift */,
				31A60DFD88D0193AE3DBC125 /* CrumbType.swift */,
				67043AB0F0B4615612F05F08 /* SheetSupport.swift */,
			);
			path = DesignSystem;
			sourceTree = "<group>";
		};
		F82C5D8A0C651B005EC1C222 /* Cart */ = {
			isa = PBXGroup;
			children = (
				D0F3D5A8552124AB50E0BF6D /* CartView.swift */,
				5634C3D5A9161C070E889854 /* CheckoutHandoffView.swift */,
			);
			path = Cart;
			sourceTree = "<group>";
		};
		FCE6D5D3B48B2C288D14D11A /* People */ = {
			isa = PBXGroup;
			children = (
				9CC065A9AB4BE69B19D606D3 /* PeopleView.swift */,
				403FAE94A34382917E7A91DA /* PersonEditorView.swift */,
				11C9995BE9444031794FB7BF /* RecipientPicker.swift */,
			);
			path = People;
			sourceTree = "<group>";
		};
/* End PBXGroup section */

/* Begin PBXNativeTarget section */
		022CE997B0BA053B8F208A8F /* Crumb */ = {
			isa = PBXNativeTarget;
			buildConfigurationList = 97BE5C94C5A448ACF7D6880E /* Build configuration list for PBXNativeTarget "Crumb" */;
			buildPhases = (
				5AD9D8231FA3DA0C2314F946 /* Sources */,
				D5C307778CF389215A71711F /* Resources */,
				1BD0676C4F977B85F3BBEB7E /* Frameworks */,
			);
			buildRules = (
			);
			dependencies = (
			);
			name = Crumb;
			packageProductDependencies = (
				ECEC8D61420FB33F67060AD5 /* CrumbKit */,
				3EF3B1AC6F8837B41B7C259A /* CrumbArt */,
			);
			productName = Crumb;
			productReference = F65639EFF2FF1E75D8FAB265 /* Crumb.app */;
			productType = "com.apple.product-type.application";
		};
		3022AFB08A9473353F183CD2 /* CrumbUITests */ = {
			isa = PBXNativeTarget;
			buildConfigurationList = 1137C6FD55DDE45046A6A9F0 /* Build configuration list for PBXNativeTarget "CrumbUITests" */;
			buildPhases = (
				D4B5CA2C6D68298B73B4B2A6 /* Sources */,
			);
			buildRules = (
			);
			dependencies = (
				76069CAF99753C05E5A18073 /* PBXTargetDependency */,
			);
			name = CrumbUITests;
			packageProductDependencies = (
			);
			productName = CrumbUITests;
			productReference = F5A3B9520F2253A5F03A94A0 /* CrumbUITests.xctest */;
			productType = "com.apple.product-type.bundle.ui-testing";
		};
		372EF22D98FB1DA720EC5ABC /* CrumbTests */ = {
			isa = PBXNativeTarget;
			buildConfigurationList = 6B61F133D4C669C502DEBCD1 /* Build configuration list for PBXNativeTarget "CrumbTests" */;
			buildPhases = (
				0EB84A92A239DA4D14F5143C /* Sources */,
				3ED7D662EA8A9E3C0F12E75A /* Frameworks */,
			);
			buildRules = (
			);
			dependencies = (
				0D9861F7A17AEED3A7B7950B /* PBXTargetDependency */,
			);
			name = CrumbTests;
			packageProductDependencies = (
				D936D5DF956C9B5DC6AF69F5 /* CrumbKit */,
			);
			productName = CrumbTests;
			productReference = CC7ECC2C0E9B4003FBB011A0 /* CrumbTests.xctest */;
			productType = "com.apple.product-type.bundle.unit-test";
		};
		C48E1C49FE5E67E7FF0D8100 /* CrumbKitSimTests */ = {
			isa = PBXNativeTarget;
			buildConfigurationList = BA43191EC9C59315EBE7A830 /* Build configuration list for PBXNativeTarget "CrumbKitSimTests" */;
			buildPhases = (
				23DA402A47501FB1CF016935 /* Sources */,
				FA329CC45512C60756DF524F /* Frameworks */,
			);
			buildRules = (
			);
			dependencies = (
			);
			name = CrumbKitSimTests;
			packageProductDependencies = (
				5B27FEEA6954F68CEA3048D1 /* CrumbKit */,
			);
			productName = CrumbKitSimTests;
			productReference = 3496F279C10971ACB6F03BF7 /* CrumbKitSimTests.xctest */;
			productType = "com.apple.product-type.bundle.unit-test";
		};
/* End PBXNativeTarget section */

/* Begin PBXProject section */
		86982F6DA5E9E0005F642030 /* Project object */ = {
			isa = PBXProject;
			attributes = {
				BuildIndependentTargetsInParallel = YES;
				LastUpgradeCheck = 1430;
				TargetAttributes = {
					022CE997B0BA053B8F208A8F = {
						DevelopmentTeam = "";
						ProvisioningStyle = Automatic;
					};
					3022AFB08A9473353F183CD2 = {
						DevelopmentTeam = "";
						ProvisioningStyle = Automatic;
						TestTargetID = 022CE997B0BA053B8F208A8F;
					};
					372EF22D98FB1DA720EC5ABC = {
						DevelopmentTeam = "";
						ProvisioningStyle = Automatic;
					};
					C48E1C49FE5E67E7FF0D8100 = {
						DevelopmentTeam = "";
						ProvisioningStyle = Automatic;
					};
				};
			};
			buildConfigurationList = 8E53E3205E74391AF06FE95D /* Build configuration list for PBXProject "Crumb" */;
			developmentRegion = en;
			hasScannedForEncodings = 0;
			knownRegions = (
				Base,
				en,
			);
			mainGroup = D94993CF8607D980DA2C599A;
			minimizedProjectReferenceProxies = 1;
			packageReferences = (
				42F1C4155205EAD39810FA86 /* XCLocalSwiftPackageReference "CrumbArt" */,
				1DB3BEF2CF4318967A775295 /* XCLocalSwiftPackageReference "CrumbKit" */,
			);
			preferredProjectObjectVersion = 77;
			productRefGroup = 9AAFA777E4D2D192B90F6DB9 /* Products */;
			projectDirPath = "";
			projectRoot = "";
			targets = (
				022CE997B0BA053B8F208A8F /* Crumb */,
				C48E1C49FE5E67E7FF0D8100 /* CrumbKitSimTests */,
				372EF22D98FB1DA720EC5ABC /* CrumbTests */,
				3022AFB08A9473353F183CD2 /* CrumbUITests */,
			);
		};
/* End PBXProject section */

/* Begin PBXResourcesBuildPhase section */
		D5C307778CF389215A71711F /* Resources */ = {
			isa = PBXResourcesBuildPhase;
			buildActionMask = 2147483647;
			files = (
				5A8CAE78CE348B88B7BFEDEA /* Assets.xcassets in Resources */,
				ADDA43C3C97D0933F32F31B7 /* Secrets.example.plist in Resources */,
				89EAE1A11546F89C1ABB1B30 /* Secrets.plist in Resources */,
			);
			runOnlyForDeploymentPostprocessing = 0;
		};
/* End PBXResourcesBuildPhase section */

/* Begin PBXSourcesBuildPhase section */
		0EB84A92A239DA4D14F5143C /* Sources */ = {
			isa = PBXSourcesBuildPhase;
			buildActionMask = 2147483647;
			files = (
				6DD305E51B3BC5CE13DD3296 /* CrumbTests.swift in Sources */,
			);
			runOnlyForDeploymentPostprocessing = 0;
		};
		23DA402A47501FB1CF016935 /* Sources */ = {
			isa = PBXSourcesBuildPhase;
			buildActionMask = 2147483647;
			files = (
				A764242E31D2B0D8313CC7EA /* CrumbContextTests.swift in Sources */,
				8D1E6F3FE239B2DEE2CA7044 /* CrumbInstructionBlocksTests.swift in Sources */,
				218B938E1047EA5DAF0706C0 /* CrumbKitTests.swift in Sources */,
				7049EC9812393FBFBF30B7AA /* CrumbTraceTests.swift in Sources */,
				E1B764FDE7B67246468DA913 /* CuratorFloorMissionTests.swift in Sources */,
				7B8EAABB8C882D8059EC8B24 /* GatherSafetyNetTests.swift in Sources */,
				E3EB9A08B7A59D2F2218E325 /* GoldenMissionTests.swift in Sources */,
				28E4C38CF4DDA70945A2DBAD /* HistoryTests.swift in Sources */,
				01B49C97F2C1E5F31F560540 /* KitCompletenessTests.swift in Sources */,
				CF1F4947BCB58FF53179E71A /* LiveUCPClientTests.swift in Sources */,
				0794BFA4BA0E25461F3396F9 /* MissionOrchestratorTests.swift in Sources */,
				594E533E13702E648E1AB8BD /* MissionPlannerTests.swift in Sources */,
				A69A189D8625E7FC1409D75F /* PersistenceTests.swift in Sources */,
				47A2384ED2AF5BD57BDD5D81 /* PriceBandTests.swift in Sources */,
				FE034318016D9DD3A5894A18 /* ProductArtKindTests.swift in Sources */,
				8574FF0300BC2641FCF0CDFF /* RecipientTests.swift in Sources */,
				568C22D90CAB7AD4AE41DC58 /* RefineChipSuggesterTests.swift in Sources */,
				B6DBA63785EFF1ECBE32D28F /* RefinementInterpreterTests.swift in Sources */,
				41A92EDCE9E0048D514EF3C0 /* RelevanceGateTests.swift in Sources */,
				5D91677F5D2CA3B68ADC593F /* SeamInstructionsTests.swift in Sources */,
				44D61C98F90CE573EB2CE4D3 /* TasteCaptureTests.swift in Sources */,
				CAC6DAEB3BC490937FFA1751 /* TitleHygieneTests.swift in Sources */,
			);
			runOnlyForDeploymentPostprocessing = 0;
		};
		5AD9D8231FA3DA0C2314F946 /* Sources */ = {
			isa = PBXSourcesBuildPhase;
			buildActionMask = 2147483647;
			files = (
				20262747383980085049D2BE /* ApiTag.swift in Sources */,
				BFF32D8DC61A0B3A18C5BB7F /* AppModel.swift in Sources */,
				740E2507DD3C1F2A03C27203 /* BottomSheet.swift in Sources */,
				3F58D9CEB003994A68988948 /* CartView.swift in Sources */,
				B40D7919A125D611ACE585F3 /* CheckoutHandoffView.swift in Sources */,
				A8D652EF801A782561E69C19 /* CrumbApp.swift in Sources */,
				B9D795A2F906443965EB59E2 /* CrumbColor.swift in Sources */,
				238F1E27A199F57F5DA84CE9 /* CrumbMetrics.swift in Sources */,
				A31B66102BAD5A5FDEBC7600 /* CrumbShortcuts.swift in Sources */,
				C73ACC304819971F35FA166E /* CrumbType.swift in Sources */,
				2F67D6673EA5A566A3638E49 /* CurateKitIntent.swift in Sources */,
				7E0F32D23984C28C3CC632CE /* CurateView.swift in Sources */,
				186DAFE618981282D949E448 /* CuratorNote.swift in Sources */,
				F71606268D5FF947B27F021F /* DeckActionSnippet.swift in Sources */,
				8EEFBE05299628E506F4BD31 /* DeckControlIntents.swift in Sources */,
				D9829C2E08E5EF574A388F24 /* HistoryDetailView.swift in Sources */,
				C262F8AE2477C79182F33414 /* HistoryView.swift in Sources */,
				E5B50E8435E6962D09AF2504 /* KitTray.swift in Sources */,
				F75F3A9439503E440572EF6A /* MissionsView.swift in Sources */,
				C72A95D78DE9E6663BC0E62E /* OnboardingView.swift in Sources */,
				5DB82CFF4294738A4639E473 /* PeopleView.swift in Sources */,
				E2B1CD46E0D826E7F7BA05A1 /* PersonEditorView.swift in Sources */,
				77CB08A82302A2B725A76544 /* PlanView.swift in Sources */,
				0020306BCE0325C7B4DAB2AD /* ProductCard.swift in Sources */,
				7B6E98A8B2E11623C92C3F5E /* ProductEntity.swift in Sources */,
				8869A618D5D883D1EFF5B655 /* ProductThumbnail.swift in Sources */,
				F725BCC7D129907D03B064A9 /* RecipientPicker.swift in Sources */,
				2C26E20A09349A027858C2AC /* RefinementBar.swift in Sources */,
				71D1D43E4F3A01C8E758E78B /* RootView.swift in Sources */,
				BE0B2799512B6F3CC7CF867C /* SheetSupport.swift in Sources */,
				0977683C1BACB17215A04510 /* SiriHandoffView.swift in Sources */,
				180EDA4F5CE0E7BDABE7DB25 /* TasteEditor.swift in Sources */,
				1B488B510C8896EAB8A206F3 /* TasteProfileView.swift in Sources */,
			);
			runOnlyForDeploymentPostprocessing = 0;
		};
		D4B5CA2C6D68298B73B4B2A6 /* Sources */ = {
			isa = PBXSourcesBuildPhase;
			buildActionMask = 2147483647;
			files = (
				8A22D99E08AD2E8D980D1D34 /* CrumbUITests.swift in Sources */,
				6842170135B15F74FF78438D /* JasmineTeaJourneyTests.swift in Sources */,
				156183127FB0A710E34C2D62 /* KitCompletenessCartUITests.swift in Sources */,
				D829F76AF3FBF6D4FF1248BB /* LacrosseGearJourneyTests.swift in Sources */,
			);
			runOnlyForDeploymentPostprocessing = 0;
		};
/* End PBXSourcesBuildPhase section */

/* Begin PBXTargetDependency section */
		0D9861F7A17AEED3A7B7950B /* PBXTargetDependency */ = {
			isa = PBXTargetDependency;
			target = 022CE997B0BA053B8F208A8F /* Crumb */;
			targetProxy = CB675B78D3C36F22A1DD8780 /* PBXContainerItemProxy */;
		};
		76069CAF99753C05E5A18073 /* PBXTargetDependency */ = {
			isa = PBXTargetDependency;
			target = 022CE997B0BA053B8F208A8F /* Crumb */;
			targetProxy = 97693D72393E0AC30AE78E5D /* PBXContainerItemProxy */;
		};
/* End PBXTargetDependency section */

/* Begin XCBuildConfiguration section */
		133FFD4E1578856C4EBAA203 /* Debug */ = {
			isa = XCBuildConfiguration;
			buildSettings = {
				ASSETCATALOG_COMPILER_APPICON_NAME = AppIcon;
				ASSETCATALOG_COMPILER_GLOBAL_ACCENT_COLOR_NAME = AccentColor;
				CODE_SIGN_IDENTITY = "iPhone Developer";
				CURRENT_PROJECT_VERSION = 1;
				ENABLE_PREVIEWS = YES;
				GENERATE_INFOPLIST_FILE = YES;
				INFOPLIST_KEY_CFBundleDisplayName = Crumb;
				INFOPLIST_KEY_LSApplicationCategoryType = "public.app-category.shopping";
				INFOPLIST_KEY_UIApplicationSceneManifest_Generation = YES;
				INFOPLIST_KEY_UILaunchScreen_Generation = YES;
				INFOPLIST_KEY_UISupportedInterfaceOrientations = UIInterfaceOrientationPortrait;
				INFOPLIST_KEY_UISupportedInterfaceOrientations_iPad = "UIInterfaceOrientationPortrait UIInterfaceOrientationLandscapeLeft UIInterfaceOrientationLandscapeRight";
				LD_RUNPATH_SEARCH_PATHS = (
					"$(inherited)",
					"@executable_path/Frameworks",
				);
				PRODUCT_BUNDLE_IDENTIFIER = com.crumbllc.Crumb;
				PRODUCT_NAME = Crumb;
				SDKROOT = auto;
				SUPPORTED_PLATFORMS = "iphoneos iphonesimulator xros xrsimulator macosx";
				SUPPORTS_MACCATALYST = NO;
				SUPPORTS_MAC_DESIGNED_FOR_IPHONE_IPAD = NO;
				SUPPORTS_XR_DESIGNED_FOR_IPHONE_IPAD = NO;
				TARGETED_DEVICE_FAMILY = "1,2,7";
			};
			name = Debug;
		};
		4D36D47DFEF111689E48C8FC /* Debug */ = {
			isa = XCBuildConfiguration;
			buildSettings = {
				BUNDLE_LOADER = "$(TEST_HOST)";
				ENABLE_TESTABILITY = YES;
				GENERATE_INFOPLIST_FILE = YES;
				LD_RUNPATH_SEARCH_PATHS = (
					"$(inherited)",
					"@executable_path/Frameworks",
					"@loader_path/Frameworks",
				);
				PRODUCT_BUNDLE_IDENTIFIER = com.crumbllc.CrumbKitSimTests;
				SDKROOT = auto;
				SUPPORTED_PLATFORMS = "iphoneos iphonesimulator xros xrsimulator";
				SUPPORTS_MACCATALYST = NO;
				SUPPORTS_MAC_DESIGNED_FOR_IPHONE_IPAD = YES;
				SUPPORTS_XR_DESIGNED_FOR_IPHONE_IPAD = NO;
				TARGETED_DEVICE_FAMILY = "1,2,7";
			};
			name = Debug;
		};
		4E85C30831BD8F5AFA1DB5B4 /* Release */ = {
			isa = XCBuildConfiguration;
			buildSettings = {
				BUNDLE_LOADER = "$(TEST_HOST)";
				ENABLE_TESTABILITY = YES;
				GENERATE_INFOPLIST_FILE = YES;
				LD_RUNPATH_SEARCH_PATHS = (
					"$(inherited)",
					"@executable_path/Frameworks",
					"@loader_path/Frameworks",
				);
				PRODUCT_BUNDLE_IDENTIFIER = com.crumbllc.CrumbKitSimTests;
				SDKROOT = auto;
				SUPPORTED_PLATFORMS = "iphoneos iphonesimulator xros xrsimulator";
				SUPPORTS_MACCATALYST = NO;
				SUPPORTS_MAC_DESIGNED_FOR_IPHONE_IPAD = YES;
				SUPPORTS_XR_DESIGNED_FOR_IPHONE_IPAD = NO;
				TARGETED_DEVICE_FAMILY = "1,2,7";
			};
			name = Release;
		};
		5065DA59D8F3124E42AD6BA5 /* Release */ = {
			isa = XCBuildConfiguration;
			buildSettings = {
				BUNDLE_LOADER = "$(TEST_HOST)";
				GENERATE_INFOPLIST_FILE = YES;
				LD_RUNPATH_SEARCH_PATHS = (
					"$(inherited)",
					"@executable_path/Frameworks",
					"@loader_path/Frameworks",
				);
				PRODUCT_BUNDLE_IDENTIFIER = com.crumbllc.CrumbUITests;
				SDKROOT = auto;
				SUPPORTED_PLATFORMS = "iphoneos iphonesimulator xros xrsimulator macosx";
				SUPPORTS_MACCATALYST = NO;
				SUPPORTS_MAC_DESIGNED_FOR_IPHONE_IPAD = NO;
				SUPPORTS_XR_DESIGNED_FOR_IPHONE_IPAD = NO;
				TARGETED_DEVICE_FAMILY = "1,2,7";
				TEST_TARGET_NAME = Crumb;
			};
			name = Release;
		};
		5AA3F87F0F9BA7E301FABC6C /* Debug */ = {
			isa = XCBuildConfiguration;
			buildSettings = {
				BUNDLE_LOADER = "$(TEST_HOST)";
				"BUNDLE_LOADER[sdk=iphoneos*]" = "$(BUILT_PRODUCTS_DIR)/Crumb.app/Crumb";
				"BUNDLE_LOADER[sdk=iphonesimulator*]" = "$(BUILT_PRODUCTS_DIR)/Crumb.app/Crumb";
				"BUNDLE_LOADER[sdk=macosx*]" = "$(BUILT_PRODUCTS_DIR)/Crumb.app/Contents/MacOS/Crumb";
				"BUNDLE_LOADER[sdk=xros*]" = "$(BUILT_PRODUCTS_DIR)/Crumb.app/Crumb";
				"BUNDLE_LOADER[sdk=xrsimulator*]" = "$(BUILT_PRODUCTS_DIR)/Crumb.app/Crumb";
				GENERATE_INFOPLIST_FILE = YES;
				LD_RUNPATH_SEARCH_PATHS = (
					"$(inherited)",
					"@executable_path/Frameworks",
					"@loader_path/Frameworks",
				);
				PRODUCT_BUNDLE_IDENTIFIER = com.crumbllc.CrumbTests;
				SDKROOT = auto;
				SUPPORTED_PLATFORMS = "iphoneos iphonesimulator xros xrsimulator macosx";
				SUPPORTS_MACCATALYST = NO;
				SUPPORTS_MAC_DESIGNED_FOR_IPHONE_IPAD = NO;
				SUPPORTS_XR_DESIGNED_FOR_IPHONE_IPAD = NO;
				TARGETED_DEVICE_FAMILY = "1,2,7";
				TEST_HOST = "$(BUILT_PRODUCTS_DIR)/Crumb.app/Crumb";
				"TEST_HOST[sdk=iphoneos*]" = "$(BUILT_PRODUCTS_DIR)/Crumb.app/Crumb";
				"TEST_HOST[sdk=iphonesimulator*]" = "$(BUILT_PRODUCTS_DIR)/Crumb.app/Crumb";
				"TEST_HOST[sdk=macosx*]" = "$(BUILT_PRODUCTS_DIR)/Crumb.app/Contents/MacOS/Crumb";
				"TEST_HOST[sdk=xros*]" = "$(BUILT_PRODUCTS_DIR)/Crumb.app/Crumb";
				"TEST_HOST[sdk=xrsimulator*]" = "$(BUILT_PRODUCTS_DIR)/Crumb.app/Crumb";
			};
			name = Debug;
		};
		5F3FD027119FB1869ACDBD59 /* Release */ = {
			isa = XCBuildConfiguration;
			buildSettings = {
				BUNDLE_LOADER = "$(TEST_HOST)";
				"BUNDLE_LOADER[sdk=iphoneos*]" = "$(BUILT_PRODUCTS_DIR)/Crumb.app/Crumb";
				"BUNDLE_LOADER[sdk=iphonesimulator*]" = "$(BUILT_PRODUCTS_DIR)/Crumb.app/Crumb";
				"BUNDLE_LOADER[sdk=macosx*]" = "$(BUILT_PRODUCTS_DIR)/Crumb.app/Contents/MacOS/Crumb";
				"BUNDLE_LOADER[sdk=xros*]" = "$(BUILT_PRODUCTS_DIR)/Crumb.app/Crumb";
				"BUNDLE_LOADER[sdk=xrsimulator*]" = "$(BUILT_PRODUCTS_DIR)/Crumb.app/Crumb";
				GENERATE_INFOPLIST_FILE = YES;
				LD_RUNPATH_SEARCH_PATHS = (
					"$(inherited)",
					"@executable_path/Frameworks",
					"@loader_path/Frameworks",
				);
				PRODUCT_BUNDLE_IDENTIFIER = com.crumbllc.CrumbTests;
				SDKROOT = auto;
				SUPPORTED_PLATFORMS = "iphoneos iphonesimulator xros xrsimulator macosx";
				SUPPORTS_MACCATALYST = NO;
				SUPPORTS_MAC_DESIGNED_FOR_IPHONE_IPAD = NO;
				SUPPORTS_XR_DESIGNED_FOR_IPHONE_IPAD = NO;
				TARGETED_DEVICE_FAMILY = "1,2,7";
				TEST_HOST = "$(BUILT_PRODUCTS_DIR)/Crumb.app/Crumb";
				"TEST_HOST[sdk=iphoneos*]" = "$(BUILT_PRODUCTS_DIR)/Crumb.app/Crumb";
				"TEST_HOST[sdk=iphonesimulator*]" = "$(BUILT_PRODUCTS_DIR)/Crumb.app/Crumb";
				"TEST_HOST[sdk=macosx*]" = "$(BUILT_PRODUCTS_DIR)/Crumb.app/Contents/MacOS/Crumb";
				"TEST_HOST[sdk=xros*]" = "$(BUILT_PRODUCTS_DIR)/Crumb.app/Crumb";
				"TEST_HOST[sdk=xrsimulator*]" = "$(BUILT_PRODUCTS_DIR)/Crumb.app/Crumb";
			};
			name = Release;
		};
		9A103B289950CBB0BCA7B7D7 /* Debug */ = {
			isa = XCBuildConfiguration;
			buildSettings = {
				ALWAYS_SEARCH_USER_PATHS = NO;
				CLANG_ANALYZER_NONNULL = YES;
				CLANG_ANALYZER_NUMBER_OBJECT_CONVERSION = YES_AGGRESSIVE;
				CLANG_CXX_LANGUAGE_STANDARD = "gnu++14";
				CLANG_CXX_LIBRARY = "libc++";
				CLANG_ENABLE_MODULES = YES;
				CLANG_ENABLE_OBJC_ARC = YES;
				CLANG_ENABLE_OBJC_WEAK = YES;
				CLANG_WARN_BLOCK_CAPTURE_AUTORELEASING = YES;
				CLANG_WARN_BOOL_CONVERSION = YES;
				CLANG_WARN_COMMA = YES;
				CLANG_WARN_CONSTANT_CONVERSION = YES;
				CLANG_WARN_DEPRECATED_OBJC_IMPLEMENTATIONS = YES;
				CLANG_WARN_DIRECT_OBJC_ISA_USAGE = YES_ERROR;
				CLANG_WARN_DOCUMENTATION_COMMENTS = YES;
				CLANG_WARN_EMPTY_BODY = YES;
				CLANG_WARN_ENUM_CONVERSION = YES;
				CLANG_WARN_INFINITE_RECURSION = YES;
				CLANG_WARN_INT_CONVERSION = YES;
				CLANG_WARN_NON_LITERAL_NULL_CONVERSION = YES;
				CLANG_WARN_OBJC_IMPLICIT_RETAIN_SELF = YES;
				CLANG_WARN_OBJC_LITERAL_CONVERSION = YES;
				CLANG_WARN_OBJC_ROOT_CLASS = YES_ERROR;
				CLANG_WARN_QUOTED_INCLUDE_IN_FRAMEWORK_HEADER = YES;
				CLANG_WARN_RANGE_LOOP_ANALYSIS = YES;
				CLANG_WARN_STRICT_PROTOTYPES = YES;
				CLANG_WARN_SUSPICIOUS_MOVE = YES;
				CLANG_WARN_UNGUARDED_AVAILABILITY = YES_AGGRESSIVE;
				CLANG_WARN_UNREACHABLE_CODE = YES;
				CLANG_WARN__DUPLICATE_METHOD_MATCH = YES;
				CODE_SIGNING_ALLOWED = NO;
				CODE_SIGNING_REQUIRED = NO;
				CODE_SIGN_STYLE = Automatic;
				COPY_PHASE_STRIP = NO;
				CURRENT_PROJECT_VERSION = 1;
				DEBUG_INFORMATION_FORMAT = dwarf;
				DEVELOPMENT_TEAM = "";
				ENABLE_STRICT_OBJC_MSGSEND = YES;
				ENABLE_TESTABILITY = YES;
				ENABLE_USER_SCRIPT_SANDBOXING = YES;
				GCC_C_LANGUAGE_STANDARD = gnu11;
				GCC_DYNAMIC_NO_PIC = NO;
				GCC_NO_COMMON_BLOCKS = YES;
				GCC_OPTIMIZATION_LEVEL = 0;
				GCC_PREPROCESSOR_DEFINITIONS = (
					"$(inherited)",
					"DEBUG=1",
				);
				GCC_WARN_64_TO_32_BIT_CONVERSION = YES;
				GCC_WARN_ABOUT_RETURN_TYPE = YES_ERROR;
				GCC_WARN_UNDECLARED_SELECTOR = YES;
				GCC_WARN_UNINITIALIZED_AUTOS = YES_AGGRESSIVE;
				GCC_WARN_UNUSED_FUNCTION = YES;
				GCC_WARN_UNUSED_VARIABLE = YES;
				IPHONEOS_DEPLOYMENT_TARGET = 27.0;
				MACOSX_DEPLOYMENT_TARGET = 27.0;
				MARKETING_VERSION = 0.1.0;
				MTL_ENABLE_DEBUG_INFO = INCLUDE_SOURCE;
				MTL_FAST_MATH = YES;
				ONLY_ACTIVE_ARCH = YES;
				PRODUCT_NAME = "$(TARGET_NAME)";
				SDKROOT = auto;
				SWIFT_ACTIVE_COMPILATION_CONDITIONS = DEBUG;
				SWIFT_EMIT_LOC_STRINGS = YES;
				SWIFT_OPTIMIZATION_LEVEL = "-Onone";
				SWIFT_STRICT_CONCURRENCY = complete;
				SWIFT_VERSION = 6.0;
				XROS_DEPLOYMENT_TARGET = 27.0;
			};
			name = Debug;
		};
		AF4D111ECA1A7CB7BD1E1678 /* Release */ = {
			isa = XCBuildConfiguration;
			buildSettings = {
				ASSETCATALOG_COMPILER_APPICON_NAME = AppIcon;
				ASSETCATALOG_COMPILER_GLOBAL_ACCENT_COLOR_NAME = AccentColor;
				CODE_SIGN_IDENTITY = "iPhone Developer";
				CURRENT_PROJECT_VERSION = 1;
				ENABLE_PREVIEWS = YES;
				GENERATE_INFOPLIST_FILE = YES;
				INFOPLIST_KEY_CFBundleDisplayName = Crumb;
				INFOPLIST_KEY_LSApplicationCategoryType = "public.app-category.shopping";
				INFOPLIST_KEY_UIApplicationSceneManifest_Generation = YES;
				INFOPLIST_KEY_UILaunchScreen_Generation = YES;
				INFOPLIST_KEY_UISupportedInterfaceOrientations = UIInterfaceOrientationPortrait;
				INFOPLIST_KEY_UISupportedInterfaceOrientations_iPad = "UIInterfaceOrientationPortrait UIInterfaceOrientationLandscapeLeft UIInterfaceOrientationLandscapeRight";
				LD_RUNPATH_SEARCH_PATHS = (
					"$(inherited)",
					"@executable_path/Frameworks",
				);
				PRODUCT_BUNDLE_IDENTIFIER = com.crumbllc.Crumb;
				PRODUCT_NAME = Crumb;
				SDKROOT = auto;
				SUPPORTED_PLATFORMS = "iphoneos iphonesimulator xros xrsimulator macosx";
				SUPPORTS_MACCATALYST = NO;
				SUPPORTS_MAC_DESIGNED_FOR_IPHONE_IPAD = NO;
				SUPPORTS_XR_DESIGNED_FOR_IPHONE_IPAD = NO;
				TARGETED_DEVICE_FAMILY = "1,2,7";
			};
			name = Release;
		};
		D09A9811B51CADB8667AA31D /* Release */ = {
			isa = XCBuildConfiguration;
			buildSettings = {
				ALWAYS_SEARCH_USER_PATHS = NO;
				CLANG_ANALYZER_NONNULL = YES;
				CLANG_ANALYZER_NUMBER_OBJECT_CONVERSION = YES_AGGRESSIVE;
				CLANG_CXX_LANGUAGE_STANDARD = "gnu++14";
				CLANG_CXX_LIBRARY = "libc++";
				CLANG_ENABLE_MODULES = YES;
				CLANG_ENABLE_OBJC_ARC = YES;
				CLANG_ENABLE_OBJC_WEAK = YES;
				CLANG_WARN_BLOCK_CAPTURE_AUTORELEASING = YES;
				CLANG_WARN_BOOL_CONVERSION = YES;
				CLANG_WARN_COMMA = YES;
				CLANG_WARN_CONSTANT_CONVERSION = YES;
				CLANG_WARN_DEPRECATED_OBJC_IMPLEMENTATIONS = YES;
				CLANG_WARN_DIRECT_OBJC_ISA_USAGE = YES_ERROR;
				CLANG_WARN_DOCUMENTATION_COMMENTS = YES;
				CLANG_WARN_EMPTY_BODY = YES;
				CLANG_WARN_ENUM_CONVERSION = YES;
				CLANG_WARN_INFINITE_RECURSION = YES;
				CLANG_WARN_INT_CONVERSION = YES;
				CLANG_WARN_NON_LITERAL_NULL_CONVERSION = YES;
				CLANG_WARN_OBJC_IMPLICIT_RETAIN_SELF = YES;
				CLANG_WARN_OBJC_LITERAL_CONVERSION = YES;
				CLANG_WARN_OBJC_ROOT_CLASS = YES_ERROR;
				CLANG_WARN_QUOTED_INCLUDE_IN_FRAMEWORK_HEADER = YES;
				CLANG_WARN_RANGE_LOOP_ANALYSIS = YES;
				CLANG_WARN_STRICT_PROTOTYPES = YES;
				CLANG_WARN_SUSPICIOUS_MOVE = YES;
				CLANG_WARN_UNGUARDED_AVAILABILITY = YES_AGGRESSIVE;
				CLANG_WARN_UNREACHABLE_CODE = YES;
				CLANG_WARN__DUPLICATE_METHOD_MATCH = YES;
				CODE_SIGNING_ALLOWED = NO;
				CODE_SIGNING_REQUIRED = NO;
				CODE_SIGN_STYLE = Automatic;
				COPY_PHASE_STRIP = NO;
				CURRENT_PROJECT_VERSION = 1;
				DEBUG_INFORMATION_FORMAT = "dwarf-with-dsym";
				DEVELOPMENT_TEAM = "";
				ENABLE_NS_ASSERTIONS = NO;
				ENABLE_STRICT_OBJC_MSGSEND = YES;
				ENABLE_USER_SCRIPT_SANDBOXING = YES;
				GCC_C_LANGUAGE_STANDARD = gnu11;
				GCC_NO_COMMON_BLOCKS = YES;
				GCC_WARN_64_TO_32_BIT_CONVERSION = YES;
				GCC_WARN_ABOUT_RETURN_TYPE = YES_ERROR;
				GCC_WARN_UNDECLARED_SELECTOR = YES;
				GCC_WARN_UNINITIALIZED_AUTOS = YES_AGGRESSIVE;
				GCC_WARN_UNUSED_FUNCTION = YES;
				GCC_WARN_UNUSED_VARIABLE = YES;
				IPHONEOS_DEPLOYMENT_TARGET = 27.0;
				MACOSX_DEPLOYMENT_TARGET = 27.0;
				MARKETING_VERSION = 0.1.0;
				MTL_ENABLE_DEBUG_INFO = NO;
				MTL_FAST_MATH = YES;
				PRODUCT_NAME = "$(TARGET_NAME)";
				SDKROOT = auto;
				SWIFT_COMPILATION_MODE = wholemodule;
				SWIFT_EMIT_LOC_STRINGS = YES;
				SWIFT_OPTIMIZATION_LEVEL = "-O";
				SWIFT_STRICT_CONCURRENCY = complete;
				SWIFT_VERSION = 6.0;
				XROS_DEPLOYMENT_TARGET = 27.0;
			};
			name = Release;
		};
		D4F34B87BE005A874E2380A2 /* Debug */ = {
			isa = XCBuildConfiguration;
			buildSettings = {
				BUNDLE_LOADER = "$(TEST_HOST)";
				GENERATE_INFOPLIST_FILE = YES;
				LD_RUNPATH_SEARCH_PATHS = (
					"$(inherited)",
					"@executable_path/Frameworks",
					"@loader_path/Frameworks",
				);
				PRODUCT_BUNDLE_IDENTIFIER = com.crumbllc.CrumbUITests;
				SDKROOT = auto;
				SUPPORTED_PLATFORMS = "iphoneos iphonesimulator xros xrsimulator macosx";
				SUPPORTS_MACCATALYST = NO;
				SUPPORTS_MAC_DESIGNED_FOR_IPHONE_IPAD = NO;
				SUPPORTS_XR_DESIGNED_FOR_IPHONE_IPAD = NO;
				TARGETED_DEVICE_FAMILY = "1,2,7";
				TEST_TARGET_NAME = Crumb;
			};
			name = Debug;
		};
/* End XCBuildConfiguration section */

/* Begin XCConfigurationList section */
		1137C6FD55DDE45046A6A9F0 /* Build configuration list for PBXNativeTarget "CrumbUITests" */ = {
			isa = XCConfigurationList;
			buildConfigurations = (
				D4F34B87BE005A874E2380A2 /* Debug */,
				5065DA59D8F3124E42AD6BA5 /* Release */,
			);
			defaultConfigurationIsVisible = 0;
			defaultConfigurationName = Debug;
		};
		6B61F133D4C669C502DEBCD1 /* Build configuration list for PBXNativeTarget "CrumbTests" */ = {
			isa = XCConfigurationList;
			buildConfigurations = (
				5AA3F87F0F9BA7E301FABC6C /* Debug */,
				5F3FD027119FB1869ACDBD59 /* Release */,
			);
			defaultConfigurationIsVisible = 0;
			defaultConfigurationName = Debug;
		};
		8E53E3205E74391AF06FE95D /* Build configuration list for PBXProject "Crumb" */ = {
			isa = XCConfigurationList;
			buildConfigurations = (
				9A103B289950CBB0BCA7B7D7 /* Debug */,
				D09A9811B51CADB8667AA31D /* Release */,
			);
			defaultConfigurationIsVisible = 0;
			defaultConfigurationName = Debug;
		};
		97BE5C94C5A448ACF7D6880E /* Build configuration list for PBXNativeTarget "Crumb" */ = {
			isa = XCConfigurationList;
			buildConfigurations = (
				133FFD4E1578856C4EBAA203 /* Debug */,
				AF4D111ECA1A7CB7BD1E1678 /* Release */,
			);
			defaultConfigurationIsVisible = 0;
			defaultConfigurationName = Debug;
		};
		BA43191EC9C59315EBE7A830 /* Build configuration list for PBXNativeTarget "CrumbKitSimTests" */ = {
			isa = XCConfigurationList;
			buildConfigurations = (
				4D36D47DFEF111689E48C8FC /* Debug */,
				4E85C30831BD8F5AFA1DB5B4 /* Release */,
			);
			defaultConfigurationIsVisible = 0;
			defaultConfigurationName = Debug;
		};
/* End XCConfigurationList section */

/* Begin XCLocalSwiftPackageReference section */
		1DB3BEF2CF4318967A775295 /* XCLocalSwiftPackageReference "CrumbKit" */ = {
			isa = XCLocalSwiftPackageReference;
			relativePath = CrumbKit;
		};
		42F1C4155205EAD39810FA86 /* XCLocalSwiftPackageReference "CrumbArt" */ = {
			isa = XCLocalSwiftPackageReference;
			relativePath = CrumbArt;
		};
/* End XCLocalSwiftPackageReference section */

/* Begin XCSwiftPackageProductDependency section */
		3EF3B1AC6F8837B41B7C259A /* CrumbArt */ = {
			isa = XCSwiftPackageProductDependency;
			productName = CrumbArt;
		};
		5B27FEEA6954F68CEA3048D1 /* CrumbKit */ = {
			isa = XCSwiftPackageProductDependency;
			productName = CrumbKit;
		};
		D936D5DF956C9B5DC6AF69F5 /* CrumbKit */ = {
			isa = XCSwiftPackageProductDependency;
			productName = CrumbKit;
		};
		ECEC8D61420FB33F67060AD5 /* CrumbKit */ = {
			isa = XCSwiftPackageProductDependency;
			productName = CrumbKit;
		};
/* End XCSwiftPackageProductDependency section */
	};
	rootObject = 86982F6DA5E9E0005F642030 /* Project object */;
}
